
Microsoft Visual Studio Solution File, Format Version 12.00
# Visual Studio 15
VisualStudioVersion = 15.0.27428.2043
MinimumVisualStudioVersion = 10.0.40219.1
Project("{FAE04EC0-301F-11D3-BF4B-00C04F79EFBC}") = "JenkinsDemo", "JenkinsDemo\JenkinsDemo.csproj", "{30945DC7-3587-4EB0-85C1-7C5B0273F113}"
EndProject
Global
	GlobalSection(SolutionConfigurationPlatforms) = preSolution
		Debug|Any CPU = Debug|Any CPU
		Release|Any CPU = Release|Any CPU
	EndGlobalSection
	GlobalSection(ProjectConfigurationPlatforms) = postSolution
		{30945DC7-3587-4EB0-85C1-7C5B0273F113}.Debug|Any CPU.ActiveCfg = Debug|Any CPU
		{30945DC7-3587-4EB0-85C1-7C5B0273F113}.Debug|Any CPU.Build.0 = Debug|Any CPU
		{30945DC7-3587-4EB0-85C1-7C5B0273F113}.Release|Any CPU.ActiveCfg = Release|Any CPU
		{30945DC7-3587-4EB0-85C1-7C5B0273F113}.Release|Any CPU.Build.0 = Release|Any CPU
	EndGlobalSection
	GlobalSection(SolutionProperties) = preSolution
		HideSolutionNode = FALSE
	EndGlobalSection
	GlobalSection(ExtensibilityGlobals) = postSolution
		SolutionGuid = {C8FFA861-788C-4ADF-B349-B9A44992DCD6}
	EndGlobalSection
EndGlobal
